
Microsoft Visual Studio Solution File, Format Version 12.00
# Visual Studio Version 17
VisualStudioVersion = 17.7.34031.279
MinimumVisualStudioVersion = 10.0.40219.1
Project("{8BC9CEB8-8B4A-11D0-8D11-00A0C91BC942}") = "CIS4930", "CIS4930\CIS4930.vcxproj", "{6F93CB05-92B5-46D9-B8B8-840DD9FC246F}"
EndProject
Global
	GlobalSection(SolutionConfigurationPlatforms) = preSolution
		Debug|x64 = Debug|x64
		Debug|x86 = Debug|x86
		Release|x64 = Release|x64
		Release|x86 = Release|x86
	EndGlobalSection
	GlobalSection(ProjectConfigurationPlatforms) = postSolution
		{6F93CB05-92B5-46D9-B8B8-840DD9FC246F}.Debug|x64.ActiveCfg = Debug|x64
		{6F93CB05-92B5-46D9-B8B8-840DD9FC246F}.Debug|x64.Build.0 = Debug|x64
		{6F93CB05-92B5-46D9-B8B8-840DD9FC246F}.Debug|x86.ActiveCfg = Debug|Win32
		{6F93CB05-92B5-46D9-B8B8-840DD9FC246F}.Debug|x86.Build.0 = Debug|Win32
		{6F93CB05-92B5-46D9-B8B8-840DD9FC246F}.Release|x64.ActiveCfg = Release|x64
		{6F93CB05-92B5-46D9-B8B8-840DD9FC246F}.Release|x64.Build.0 = Release|x64
		{6F93CB05-92B5-46D9-B8B8-840DD9FC246F}.Release|x86.ActiveCfg = Release|Win32
		{6F93CB05-92B5-46D9-B8B8-840DD9FC246F}.Release|x86.Build.0 = Release|Win32
	EndGlobalSection
	GlobalSection(SolutionProperties) = preSolution
		HideSolutionNode = FALSE
	EndGlobalSection
	GlobalSection(ExtensibilityGlobals) = postSolution
		SolutionGuid = {1AB51404-35CB-45FE-A5D8-8B465086A188}
	EndGlobalSection
EndGlobal
